
Microsoft Visual Studio Solution File, Format Version 12.00
# Visual Studio Version 17
VisualStudioVersion = 17.10.34607.79
MinimumVisualStudioVersion = 10.0.40219.1
Project("{FAE04EC0-301F-11D3-BF4B-00C04F79EFBC}") = "baitapvenha", "baitapvenha\baitapvenha.csproj", "{B7283C49-1213-4AE5-92CF-76EA51F5B169}"
EndProject
Global
	GlobalSection(SolutionConfigurationPlatforms) = preSolution
		Debug|Any CPU = Debug|Any CPU
		Release|Any CPU = Release|Any CPU
	EndGlobalSection
	GlobalSection(ProjectConfigurationPlatforms) = postSolution
		{B7283C49-1213-4AE5-92CF-76EA51F5B169}.Debug|Any CPU.ActiveCfg = Debug|Any CPU
		{B7283C49-1213-4AE5-92CF-76EA51F5B169}.Debug|Any CPU.Build.0 = Debug|Any CPU
		{B7283C49-1213-4AE5-92CF-76EA51F5B169}.Release|Any CPU.ActiveCfg = Release|Any CPU
		{B7283C49-1213-4AE5-92CF-76EA51F5B169}.Release|Any CPU.Build.0 = Release|Any CPU
	EndGlobalSection
	GlobalSection(SolutionProperties) = preSolution
		HideSolutionNode = FALSE
	EndGlobalSection
	GlobalSection(ExtensibilityGlobals) = postSolution
		SolutionGuid = {83F4A8E3-43AA-46AB-8400-5BA28FF6FF42}
	EndGlobalSection
EndGlobal
